<?xml version="1.0" encoding="utf-8"?>
<Project ToolsVersion="4.0" xmlns="http://schemas.microsoft.com/developer/msbuild/2003">
  <ItemGroup>
    <Filter Include="源文件">
      <UniqueIdentifier>{4FC737F1-C7A5-4376-A066-2A32D752A2FF}</UniqueIdentifier>
      <Extensions>cpp;c;cc;cxx;def;odl;idl;hpj;bat;asm;asmx</Extensions>
    </Filter>
    <Filter Include="头文件">
      <UniqueIdentifier>{93995380-89BD-4b04-88EB-625FBE52EBFB}</UniqueIdentifier>
      <Extensions>h;hpp;hxx;hm;inl;inc;xsd</Extensions>
    </Filter>
    <Filter Include="资源文件">
      <UniqueIdentifier>{67DA6AB6-F800-4c08-8B7A-83BB121AAD01}</UniqueIdentifier>
      <Extensions>rc;ico;cur;bmp;dlg;rc2;rct;bin;rgs;gif;jpg;jpeg;jpe;resx;tiff;tif;png;wav;mfcribbon-ms</Extensions>
    </Filter>
  </ItemGroup>
  <ItemGroup>
    <None Include="MultiWii_2_2_SE_2_0.ino" />
    <None Include="Alarms.ino" />
    <None Include="EEPROM.ino" />
    <None Include="GPS.ino" />
    <None Include="IMU.ino" />
    <None Include="LCD.ino" />
    <None Include="Output.ino" />
    <None Include="RX.ino" />
    <None Include="Sensors.ino" />
    <None Include="Serial.ino" />
  </ItemGroup>
  <ItemGroup>
    <ClInclude Include="config.h">
      <Filter>头文件</Filter>
    </ClInclude>
    <ClInclude Include="def.h">
      <Filter>头文件</Filter>
    </ClInclude>
    <ClInclude Include="tinygps.h">
      <Filter>头文件</Filter>
    </ClInclude>
    <ClInclude Include="Visual Micro\.MultiWii_2_2_SE_2_0.vsarduino.h">
      <Filter>头文件</Filter>
    </ClInclude>
  </ItemGroup>
</Project>