<?xml version="1.0" encoding="utf-8"?>
<Project ToolsVersion="4.0" xmlns="http://schemas.microsoft.com/developer/msbuild/2003">
  <ItemGroup>
    <Filter Include="源文件">
      <UniqueIdentifier>{4FC737F1-C7A5-4376-A066-2A32D752A2FF}</UniqueIdentifier>
      <Extensions>cpp;c;cc;cxx;def;odl;idl;hpj;bat;asm;asmx</Extensions>
    </Filter>
    <Filter Include="头文件">
      <UniqueIdentifier>{93995380-89BD-4b04-88EB-625FBE52EBFB}</UniqueIdentifier>
      <Extensions>h;hpp;hxx;hm;inl;inc;xsd</Extensions>
    </Filter>
    <Filter Include="资源文件">
      <UniqueIdentifier>{67DA6AB6-F800-4c08-8B7A-83BB121AAD01}</UniqueIdentifier>
      <Extensions>rc;ico;cur;bmp;dlg;rc2;rct;bin;rgs;gif;jpg;jpeg;jpe;resx;tiff;tif;png;wav;mfcribbon-ms</Extensions>
    </Filter>
  </ItemGroup>
  <ItemGroup>
    <None Include="MultiWii_2.3.ino" />
  </ItemGroup>
  <ItemGroup>
    <ClInclude Include="Visual Micro\.MultiWii_2.3.vsarduino.h">
      <Filter>头文件</Filter>
    </ClInclude>
    <ClInclude Include="Alarms.h">
      <Filter>头文件</Filter>
    </ClInclude>
    <ClInclude Include="EEPROM.h">
      <Filter>头文件</Filter>
    </ClInclude>
    <ClInclude Include="GPS.h">
      <Filter>头文件</Filter>
    </ClInclude>
    <ClInclude Include="IMU.h">
      <Filter>头文件</Filter>
    </ClInclude>
    <ClInclude Include="LCD.h">
      <Filter>头文件</Filter>
    </ClInclude>
    <ClInclude Include="MultiWii.h">
      <Filter>头文件</Filter>
    </ClInclude>
    <ClInclude Include="Output.h">
      <Filter>头文件</Filter>
    </ClInclude>
    <ClInclude Include="Protocol.h">
      <Filter>头文件</Filter>
    </ClInclude>
    <ClInclude Include="RX.h">
      <Filter>头文件</Filter>
    </ClInclude>
    <ClInclude Include="Sensors.h">
      <Filter>头文件</Filter>
    </ClInclude>
    <ClInclude Include="Serial.h">
      <Filter>头文件</Filter>
    </ClInclude>
    <ClInclude Include="config.h">
      <Filter>头文件</Filter>
    </ClInclude>
    <ClInclude Include="def.h">
      <Filter>头文件</Filter>
    </ClInclude>
    <ClInclude Include="types.h">
      <Filter>头文件</Filter>
    </ClInclude>
  </ItemGroup>
  <ItemGroup>
    <ClCompile Include="Alarms.cpp">
      <Filter>源文件</Filter>
    </ClCompile>
    <ClCompile Include="EEPROM.cpp">
      <Filter>源文件</Filter>
    </ClCompile>
    <ClCompile Include="GPS.cpp">
      <Filter>源文件</Filter>
    </ClCompile>
    <ClCompile Include="IMU.cpp">
      <Filter>源文件</Filter>
    </ClCompile>
    <ClCompile Include="LCD.cpp">
      <Filter>源文件</Filter>
    </ClCompile>
    <ClCompile Include="MultiWii.cpp">
      <Filter>源文件</Filter>
    </ClCompile>
    <ClCompile Include="Output.cpp">
      <Filter>源文件</Filter>
    </ClCompile>
    <ClCompile Include="Protocol.cpp">
      <Filter>源文件</Filter>
    </ClCompile>
    <ClCompile Include="RX.cpp">
      <Filter>源文件</Filter>
    </ClCompile>
    <ClCompile Include="Sensors.cpp">
      <Filter>源文件</Filter>
    </ClCompile>
    <ClCompile Include="Serial.cpp">
      <Filter>源文件</Filter>
    </ClCompile>
  </ItemGroup>
</Project>